
Microsoft Visual Studio Solution File, Format Version 12.00
# Visual Studio Version 17
VisualStudioVersion = 17.14.37012.4
MinimumVisualStudioVersion = 10.0.40219.1
Project("{FAE04EC0-301F-11D3-BF4B-00C04F79EFBC}") = "SkillTracker", "SkillTracker\SkillTracker.csproj", "{A6038DD2-AE12-44BE-9666-E19EC56DC615}"
EndProject
Project("{FAE04EC0-301F-11D3-BF4B-00C04F79EFBC}") = "SkillTrackerFront", "SkillTrackerFront\SkillTrackerFront.csproj", "{E332C80B-577B-4696-9065-2DAE22B7720A}"
EndProject
Global
	GlobalSection(SolutionConfigurationPlatforms) = preSolution
		Debug|Any CPU = Debug|Any CPU
		Release|Any CPU = Release|Any CPU
	EndGlobalSection
	GlobalSection(ProjectConfigurationPlatforms) = postSolution
		{A6038DD2-AE12-44BE-9666-E19EC56DC615}.Debug|Any CPU.ActiveCfg = Debug|Any CPU
		{A6038DD2-AE12-44BE-9666-E19EC56DC615}.Debug|Any CPU.Build.0 = Debug|Any CPU
		{A6038DD2-AE12-44BE-9666-E19EC56DC615}.Release|Any CPU.ActiveCfg = Release|Any CPU
		{A6038DD2-AE12-44BE-9666-E19EC56DC615}.Release|Any CPU.Build.0 = Release|Any CPU
		{E332C80B-577B-4696-9065-2DAE22B7720A}.Debug|Any CPU.ActiveCfg = Debug|Any CPU
		{E332C80B-577B-4696-9065-2DAE22B7720A}.Debug|Any CPU.Build.0 = Debug|Any CPU
		{E332C80B-577B-4696-9065-2DAE22B7720A}.Release|Any CPU.ActiveCfg = Release|Any CPU
		{E332C80B-577B-4696-9065-2DAE22B7720A}.Release|Any CPU.Build.0 = Release|Any CPU
	EndGlobalSection
	GlobalSection(SolutionProperties) = preSolution
		HideSolutionNode = FALSE
	EndGlobalSection
	GlobalSection(ExtensibilityGlobals) = postSolution
		SolutionGuid = {B4AF3BC5-3199-40E9-8E16-5DAE85FF8FE2}
	EndGlobalSection
EndGlobal
